
Microsoft Visual Studio Solution File, Format Version 11.00
# Visual Studio 2010
Project("{FAE04EC0-301F-11D3-BF4B-00C04F79EFBC}") = "Project_Airbus_7_42", "Assembly-CSharp.csproj", "{C5B80458-2901-68ED-5F9E-96004AB1B1A3}"
EndProject
Project("{FAE04EC0-301F-11D3-BF4B-00C04F79EFBC}") = "Project_Airbus_7_42", "Assembly-CSharp-Editor.csproj", "{4EB32A49-71FA-2087-3003-76FCEE5CAF4B}"
EndProject
Global
	GlobalSection(SolutionConfigurationPlatforms) = preSolution
		Debug|Any CPU = Debug|Any CPU
		Release|Any CPU = Release|Any CPU
	EndGlobalSection
	GlobalSection(ProjectConfigurationPlatforms) = postSolution
		{C5B80458-2901-68ED-5F9E-96004AB1B1A3}.Debug|Any CPU.ActiveCfg = Debug|Any CPU
		{C5B80458-2901-68ED-5F9E-96004AB1B1A3}.Debug|Any CPU.Build.0 = Debug|Any CPU
		{C5B80458-2901-68ED-5F9E-96004AB1B1A3}.Release|Any CPU.ActiveCfg = Release|Any CPU
		{C5B80458-2901-68ED-5F9E-96004AB1B1A3}.Release|Any CPU.Build.0 = Release|Any CPU
		{4EB32A49-71FA-2087-3003-76FCEE5CAF4B}.Debug|Any CPU.ActiveCfg = Debug|Any CPU
		{4EB32A49-71FA-2087-3003-76FCEE5CAF4B}.Debug|Any CPU.Build.0 = Debug|Any CPU
		{4EB32A49-71FA-2087-3003-76FCEE5CAF4B}.Release|Any CPU.ActiveCfg = Release|Any CPU
		{4EB32A49-71FA-2087-3003-76FCEE5CAF4B}.Release|Any CPU.Build.0 = Release|Any CPU
	EndGlobalSection
	GlobalSection(SolutionProperties) = preSolution
		HideSolutionNode = FALSE
	EndGlobalSection
	GlobalSection(MonoDevelopProperties) = preSolution
		StartupItem = Assembly-CSharp.csproj
	EndGlobalSection
EndGlobal
