
Microsoft Visual Studio Solution File, Format Version 11.00
# Visual Studio 2010
Project("{FAE04EC0-301F-11D3-BF4B-00C04F79EFBC}") = "Project_Airbus_7_48", "Assembly-CSharp.csproj", "{1B289EA9-98E6-D0C9-3FF9-4859B2FEE472}"
EndProject
Project("{FAE04EC0-301F-11D3-BF4B-00C04F79EFBC}") = "Project_Airbus_7_48", "Assembly-CSharp-Editor.csproj", "{A8FE13DA-1034-91C2-8F98-91CE78E5C4B5}"
EndProject
Global
	GlobalSection(SolutionConfigurationPlatforms) = preSolution
		Debug|Any CPU = Debug|Any CPU
		Release|Any CPU = Release|Any CPU
	EndGlobalSection
	GlobalSection(ProjectConfigurationPlatforms) = postSolution
		{1B289EA9-98E6-D0C9-3FF9-4859B2FEE472}.Debug|Any CPU.ActiveCfg = Debug|Any CPU
		{1B289EA9-98E6-D0C9-3FF9-4859B2FEE472}.Debug|Any CPU.Build.0 = Debug|Any CPU
		{1B289EA9-98E6-D0C9-3FF9-4859B2FEE472}.Release|Any CPU.ActiveCfg = Release|Any CPU
		{1B289EA9-98E6-D0C9-3FF9-4859B2FEE472}.Release|Any CPU.Build.0 = Release|Any CPU
		{A8FE13DA-1034-91C2-8F98-91CE78E5C4B5}.Debug|Any CPU.ActiveCfg = Debug|Any CPU
		{A8FE13DA-1034-91C2-8F98-91CE78E5C4B5}.Debug|Any CPU.Build.0 = Debug|Any CPU
		{A8FE13DA-1034-91C2-8F98-91CE78E5C4B5}.Release|Any CPU.ActiveCfg = Release|Any CPU
		{A8FE13DA-1034-91C2-8F98-91CE78E5C4B5}.Release|Any CPU.Build.0 = Release|Any CPU
	EndGlobalSection
	GlobalSection(SolutionProperties) = preSolution
		HideSolutionNode = FALSE
	EndGlobalSection
	GlobalSection(MonoDevelopProperties) = preSolution
		StartupItem = Assembly-CSharp.csproj
	EndGlobalSection
EndGlobal
