
Microsoft Visual Studio Solution File, Format Version 11.00
# Visual Studio 2010
Project("{FAE04EC0-301F-11D3-BF4B-00C04F79EFBC}") = "Project_Airbus_7_37", "Assembly-CSharp.csproj", "{108F446A-4A24-86CD-4A82-76EB321649B2}"
EndProject
Project("{FAE04EC0-301F-11D3-BF4B-00C04F79EFBC}") = "Project_Airbus_7_37", "Assembly-CSharp-Editor.csproj", "{42381285-E675-28BA-18E0-75E3B9E13E39}"
EndProject
Global
	GlobalSection(SolutionConfigurationPlatforms) = preSolution
		Debug|Any CPU = Debug|Any CPU
		Release|Any CPU = Release|Any CPU
	EndGlobalSection
	GlobalSection(ProjectConfigurationPlatforms) = postSolution
		{108F446A-4A24-86CD-4A82-76EB321649B2}.Debug|Any CPU.ActiveCfg = Debug|Any CPU
		{108F446A-4A24-86CD-4A82-76EB321649B2}.Debug|Any CPU.Build.0 = Debug|Any CPU
		{108F446A-4A24-86CD-4A82-76EB321649B2}.Release|Any CPU.ActiveCfg = Release|Any CPU
		{108F446A-4A24-86CD-4A82-76EB321649B2}.Release|Any CPU.Build.0 = Release|Any CPU
		{42381285-E675-28BA-18E0-75E3B9E13E39}.Debug|Any CPU.ActiveCfg = Debug|Any CPU
		{42381285-E675-28BA-18E0-75E3B9E13E39}.Debug|Any CPU.Build.0 = Debug|Any CPU
		{42381285-E675-28BA-18E0-75E3B9E13E39}.Release|Any CPU.ActiveCfg = Release|Any CPU
		{42381285-E675-28BA-18E0-75E3B9E13E39}.Release|Any CPU.Build.0 = Release|Any CPU
	EndGlobalSection
	GlobalSection(SolutionProperties) = preSolution
		HideSolutionNode = FALSE
	EndGlobalSection
	GlobalSection(MonoDevelopProperties) = preSolution
		StartupItem = Assembly-CSharp.csproj
	EndGlobalSection
EndGlobal
